
Microsoft Visual Studio Solution File, Format Version 12.00
# Visual Studio Version 16
VisualStudioVersion = 16.0.30804.86
MinimumVisualStudioVersion = 10.0.40219.1
Project("{FAE04EC0-301F-11D3-BF4B-00C04F79EFBC}") = "futbol_CesarRaveloMartinez", "futbol_CesarRaveloMartinez.csproj", "{ABEA7104-7883-4755-B284-6956CADA1AC2}"
EndProject
Global
	GlobalSection(SolutionConfigurationPlatforms) = preSolution
		Debug|Any CPU = Debug|Any CPU
		Release|Any CPU = Release|Any CPU
	EndGlobalSection
	GlobalSection(ProjectConfigurationPlatforms) = postSolution
		{ABEA7104-7883-4755-B284-6956CADA1AC2}.Debug|Any CPU.ActiveCfg = Debug|Any CPU
		{ABEA7104-7883-4755-B284-6956CADA1AC2}.Debug|Any CPU.Build.0 = Debug|Any CPU
		{ABEA7104-7883-4755-B284-6956CADA1AC2}.Release|Any CPU.ActiveCfg = Release|Any CPU
		{ABEA7104-7883-4755-B284-6956CADA1AC2}.Release|Any CPU.Build.0 = Release|Any CPU
	EndGlobalSection
	GlobalSection(SolutionProperties) = preSolution
		HideSolutionNode = FALSE
	EndGlobalSection
	GlobalSection(ExtensibilityGlobals) = postSolution
		SolutionGuid = {002EC42D-0961-444A-A811-3F34C0110284}
	EndGlobalSection
EndGlobal
